
Microsoft Visual Studio Solution File, Format Version 12.00
# Visual Studio 15
VisualStudioVersion = 15.0.28307.539
MinimumVisualStudioVersion = 10.0.40219.1
Project("{8BC9CEB8-8B4A-11D0-8D11-00A0C91BC942}") = "TSP_openGL", "TSP_openGL\TSP_openGL.vcxproj", "{31137754-9DB6-420F-94F8-20AEFC6148CE}"
EndProject
Global
	GlobalSection(SolutionConfigurationPlatforms) = preSolution
		Debug|x64 = Debug|x64
		Debug|x86 = Debug|x86
		Release|x64 = Release|x64
		Release|x86 = Release|x86
	EndGlobalSection
	GlobalSection(ProjectConfigurationPlatforms) = postSolution
		{31137754-9DB6-420F-94F8-20AEFC6148CE}.Debug|x64.ActiveCfg = Debug|x64
		{31137754-9DB6-420F-94F8-20AEFC6148CE}.Debug|x64.Build.0 = Debug|x64
		{31137754-9DB6-420F-94F8-20AEFC6148CE}.Debug|x86.ActiveCfg = Debug|Win32
		{31137754-9DB6-420F-94F8-20AEFC6148CE}.Debug|x86.Build.0 = Debug|Win32
		{31137754-9DB6-420F-94F8-20AEFC6148CE}.Release|x64.ActiveCfg = Release|x64
		{31137754-9DB6-420F-94F8-20AEFC6148CE}.Release|x64.Build.0 = Release|x64
		{31137754-9DB6-420F-94F8-20AEFC6148CE}.Release|x86.ActiveCfg = Release|Win32
		{31137754-9DB6-420F-94F8-20AEFC6148CE}.Release|x86.Build.0 = Release|Win32
	EndGlobalSection
	GlobalSection(SolutionProperties) = preSolution
		HideSolutionNode = FALSE
	EndGlobalSection
	GlobalSection(ExtensibilityGlobals) = postSolution
		SolutionGuid = {DD4D6B48-607D-4A76-BDA0-C2C72368DCF3}
	EndGlobalSection
EndGlobal
